
Microsoft Visual Studio Solution File, Format Version 12.00
# Visual Studio Version 17
VisualStudioVersion = 17.2.32516.85
MinimumVisualStudioVersion = 10.0.40219.1
Project("{FAE04EC0-301F-11D3-BF4B-00C04F79EFBC}") = "CourseNoteUI", "CourseNoteUI\CourseNoteUI.csproj", "{7AF1A0CD-2774-4DA5-A254-2531EA53153C}"
EndProject
Global
	GlobalSection(SolutionConfigurationPlatforms) = preSolution
		Debug|Any CPU = Debug|Any CPU
		Release|Any CPU = Release|Any CPU
	EndGlobalSection
	GlobalSection(ProjectConfigurationPlatforms) = postSolution
		{7AF1A0CD-2774-4DA5-A254-2531EA53153C}.Debug|Any CPU.ActiveCfg = Debug|Any CPU
		{7AF1A0CD-2774-4DA5-A254-2531EA53153C}.Debug|Any CPU.Build.0 = Debug|Any CPU
		{7AF1A0CD-2774-4DA5-A254-2531EA53153C}.Release|Any CPU.ActiveCfg = Release|Any CPU
		{7AF1A0CD-2774-4DA5-A254-2531EA53153C}.Release|Any CPU.Build.0 = Release|Any CPU
	EndGlobalSection
	GlobalSection(SolutionProperties) = preSolution
		HideSolutionNode = FALSE
	EndGlobalSection
	GlobalSection(ExtensibilityGlobals) = postSolution
		SolutionGuid = {042EB533-FA3C-48CB-8BB8-1429639D0757}
	EndGlobalSection
EndGlobal
